
Microsoft Visual Studio Solution File, Format Version 12.00
# Visual Studio 15
VisualStudioVersion = 15.0.27428.2015
MinimumVisualStudioVersion = 10.0.40219.1
Project("{FAE04EC0-301F-11D3-BF4B-00C04F79EFBC}") = "AjaxMVCPageList", "AjaxMVCPageList\AjaxMVCPageList.csproj", "{B2BE0C61-5BD3-420C-B056-14F33CB564DF}"
EndProject
Global
	GlobalSection(SolutionConfigurationPlatforms) = preSolution
		Debug|Any CPU = Debug|Any CPU
		Release|Any CPU = Release|Any CPU
	EndGlobalSection
	GlobalSection(ProjectConfigurationPlatforms) = postSolution
		{B2BE0C61-5BD3-420C-B056-14F33CB564DF}.Debug|Any CPU.ActiveCfg = Debug|Any CPU
		{B2BE0C61-5BD3-420C-B056-14F33CB564DF}.Debug|Any CPU.Build.0 = Debug|Any CPU
		{B2BE0C61-5BD3-420C-B056-14F33CB564DF}.Release|Any CPU.ActiveCfg = Release|Any CPU
		{B2BE0C61-5BD3-420C-B056-14F33CB564DF}.Release|Any CPU.Build.0 = Release|Any CPU
	EndGlobalSection
	GlobalSection(SolutionProperties) = preSolution
		HideSolutionNode = FALSE
	EndGlobalSection
	GlobalSection(ExtensibilityGlobals) = postSolution
		SolutionGuid = {B75597D3-8AFE-44A1-AC9C-F00693B7CDF2}
	EndGlobalSection
EndGlobal
